
Microsoft Visual Studio Solution File, Format Version 12.00
# Visual Studio Version 18
VisualStudioVersion = 18.5.11723.231
MinimumVisualStudioVersion = 10.0.40219.1
Project("{9A19103F-16F7-4668-BE54-9A1E7A4F7556}") = "Autodesk2024", "Autodesk2024\Autodesk2024.csproj", "{CA37A627-5F5A-41E5-8BD4-34808DF29485}"
EndProject
Project("{2150E333-8FDC-42A3-9474-1A3956D46DE8}") = "CivilConnection.Tools", "CivilConnection.Tools", "{FDA1C575-08A7-44B2-9FDA-0D59FE44759E}"
EndProject
Project("{FAE04EC0-301F-11D3-BF4B-00C04F79EFBC}") = "CivilConnection.ApiExtractor", "CivilConnection.ApiExtractor\CivilConnection.ApiExtractor.csproj", "{0127E6C2-1C6D-4875-875B-2010B8553D59}"
EndProject
Project("{FAE04EC0-301F-11D3-BF4B-00C04F79EFBC}") = "CivilConnection.Interop", "CivilConnection.Interop\CivilConnection.Interop.csproj", "{18F65D8A-ADBA-4295-8BAF-CF555B6B77EC}"
EndProject
Project("{FAE04EC0-301F-11D3-BF4B-00C04F79EFBC}") = "CivilConnection.Test", "CivilConnection.Test\CivilConnection.Test.csproj", "{A1A7D348-97C8-4C10-81E6-5FBFE0EE0ABB}"
EndProject
Project("{FAE04EC0-301F-11D3-BF4B-00C04F79EFBC}") = "CivilConnection.Contracts", "CivilConnection.Contracts\CivilConnection.Contracts.csproj", "{33E3E0C4-17BC-419E-9530-DED2A13477A7}"
EndProject
Project("{FAE04EC0-301F-11D3-BF4B-00C04F79EFBC}") = "CivilConnection.DynamoPackage", "CivilConnection.DynamoPackage\CivilConnection.DynamoPackage.csproj", "{824E0025-EDA7-4F19-8DC2-E72E547CDDE1}"
EndProject
Global
	GlobalSection(SolutionConfigurationPlatforms) = preSolution
		2023|AnyCPU = 2023|AnyCPU
		2024|AnyCPU = 2024|AnyCPU
		2025|AnyCPU = 2025|AnyCPU
		2026|AnyCPU = 2026|AnyCPU
		2027|AnyCPU = 2027|AnyCPU
		Debug|AnyCPU = Debug|AnyCPU
		Release|AnyCPU = Release|AnyCPU
	EndGlobalSection
	GlobalSection(ProjectConfigurationPlatforms) = postSolution
		{CA37A627-5F5A-41E5-8BD4-34808DF29485}.2023|AnyCPU.ActiveCfg = 2023|Any CPU
		{CA37A627-5F5A-41E5-8BD4-34808DF29485}.2023|AnyCPU.Build.0 = 2023|Any CPU
		{CA37A627-5F5A-41E5-8BD4-34808DF29485}.2024|AnyCPU.ActiveCfg = 2024|Any CPU
		{CA37A627-5F5A-41E5-8BD4-34808DF29485}.2024|AnyCPU.Build.0 = 2024|Any CPU
		{CA37A627-5F5A-41E5-8BD4-34808DF29485}.2025|AnyCPU.ActiveCfg = 2025|Any CPU
		{CA37A627-5F5A-41E5-8BD4-34808DF29485}.2025|AnyCPU.Build.0 = 2025|Any CPU
		{CA37A627-5F5A-41E5-8BD4-34808DF29485}.2026|AnyCPU.ActiveCfg = 2026|Any CPU
		{CA37A627-5F5A-41E5-8BD4-34808DF29485}.2026|AnyCPU.Build.0 = 2026|Any CPU
		{CA37A627-5F5A-41E5-8BD4-34808DF29485}.2027|AnyCPU.ActiveCfg = 2027|Any CPU
		{CA37A627-5F5A-41E5-8BD4-34808DF29485}.2027|AnyCPU.Build.0 = 2027|Any CPU
		{CA37A627-5F5A-41E5-8BD4-34808DF29485}.Debug|AnyCPU.ActiveCfg = 2024|Any CPU
		{CA37A627-5F5A-41E5-8BD4-34808DF29485}.Debug|AnyCPU.Build.0 = 2024|Any CPU
		{CA37A627-5F5A-41E5-8BD4-34808DF29485}.Release|AnyCPU.ActiveCfg = Release|Any CPU
		{CA37A627-5F5A-41E5-8BD4-34808DF29485}.Release|AnyCPU.Build.0 = Release|Any CPU
		{0127E6C2-1C6D-4875-875B-2010B8553D59}.2023|AnyCPU.ActiveCfg = Debug|Any CPU
		{0127E6C2-1C6D-4875-875B-2010B8553D59}.2023|AnyCPU.Build.0 = Debug|Any CPU
		{0127E6C2-1C6D-4875-875B-2010B8553D59}.2024|AnyCPU.ActiveCfg = Debug|Any CPU
		{0127E6C2-1C6D-4875-875B-2010B8553D59}.2024|AnyCPU.Build.0 = Debug|Any CPU
		{0127E6C2-1C6D-4875-875B-2010B8553D59}.2025|AnyCPU.ActiveCfg = Debug|Any CPU
		{0127E6C2-1C6D-4875-875B-2010B8553D59}.2025|AnyCPU.Build.0 = Debug|Any CPU
		{0127E6C2-1C6D-4875-875B-2010B8553D59}.2026|AnyCPU.ActiveCfg = Debug|Any CPU
		{0127E6C2-1C6D-4875-875B-2010B8553D59}.2026|AnyCPU.Build.0 = Debug|Any CPU
		{0127E6C2-1C6D-4875-875B-2010B8553D59}.2027|AnyCPU.ActiveCfg = Debug|Any CPU
		{0127E6C2-1C6D-4875-875B-2010B8553D59}.2027|AnyCPU.Build.0 = Debug|Any CPU
		{0127E6C2-1C6D-4875-875B-2010B8553D59}.Debug|AnyCPU.ActiveCfg = Debug|Any CPU
		{0127E6C2-1C6D-4875-875B-2010B8553D59}.Debug|AnyCPU.Build.0 = Debug|Any CPU
		{0127E6C2-1C6D-4875-875B-2010B8553D59}.Release|AnyCPU.ActiveCfg = Release|Any CPU
		{0127E6C2-1C6D-4875-875B-2010B8553D59}.Release|AnyCPU.Build.0 = Release|Any CPU
		{18F65D8A-ADBA-4295-8BAF-CF555B6B77EC}.2023|AnyCPU.ActiveCfg = 2023|Any CPU
		{18F65D8A-ADBA-4295-8BAF-CF555B6B77EC}.2023|AnyCPU.Build.0 = 2023|Any CPU
		{18F65D8A-ADBA-4295-8BAF-CF555B6B77EC}.2024|AnyCPU.ActiveCfg = 2024|Any CPU
		{18F65D8A-ADBA-4295-8BAF-CF555B6B77EC}.2024|AnyCPU.Build.0 = 2024|Any CPU
		{18F65D8A-ADBA-4295-8BAF-CF555B6B77EC}.2025|AnyCPU.ActiveCfg = 2025|Any CPU
		{18F65D8A-ADBA-4295-8BAF-CF555B6B77EC}.2025|AnyCPU.Build.0 = 2025|Any CPU
		{18F65D8A-ADBA-4295-8BAF-CF555B6B77EC}.2026|AnyCPU.ActiveCfg = 2026|Any CPU
		{18F65D8A-ADBA-4295-8BAF-CF555B6B77EC}.2026|AnyCPU.Build.0 = 2026|Any CPU
		{18F65D8A-ADBA-4295-8BAF-CF555B6B77EC}.2027|AnyCPU.ActiveCfg = 2027|Any CPU
		{18F65D8A-ADBA-4295-8BAF-CF555B6B77EC}.2027|AnyCPU.Build.0 = 2027|Any CPU
		{18F65D8A-ADBA-4295-8BAF-CF555B6B77EC}.Debug|AnyCPU.ActiveCfg = Debug|Any CPU
		{18F65D8A-ADBA-4295-8BAF-CF555B6B77EC}.Debug|AnyCPU.Build.0 = Debug|Any CPU
		{18F65D8A-ADBA-4295-8BAF-CF555B6B77EC}.Release|AnyCPU.ActiveCfg = Release|Any CPU
		{18F65D8A-ADBA-4295-8BAF-CF555B6B77EC}.Release|AnyCPU.Build.0 = Release|Any CPU
		{A1A7D348-97C8-4C10-81E6-5FBFE0EE0ABB}.2023|AnyCPU.ActiveCfg = 2023|Any CPU
		{A1A7D348-97C8-4C10-81E6-5FBFE0EE0ABB}.2023|AnyCPU.Build.0 = 2023|Any CPU
		{A1A7D348-97C8-4C10-81E6-5FBFE0EE0ABB}.2024|AnyCPU.ActiveCfg = 2024|Any CPU
		{A1A7D348-97C8-4C10-81E6-5FBFE0EE0ABB}.2024|AnyCPU.Build.0 = 2024|Any CPU
		{A1A7D348-97C8-4C10-81E6-5FBFE0EE0ABB}.2025|AnyCPU.ActiveCfg = 2025|Any CPU
		{A1A7D348-97C8-4C10-81E6-5FBFE0EE0ABB}.2025|AnyCPU.Build.0 = 2025|Any CPU
		{A1A7D348-97C8-4C10-81E6-5FBFE0EE0ABB}.2026|AnyCPU.ActiveCfg = 2026|Any CPU
		{A1A7D348-97C8-4C10-81E6-5FBFE0EE0ABB}.2026|AnyCPU.Build.0 = 2026|Any CPU
		{A1A7D348-97C8-4C10-81E6-5FBFE0EE0ABB}.2027|AnyCPU.ActiveCfg = 2027|Any CPU
		{A1A7D348-97C8-4C10-81E6-5FBFE0EE0ABB}.2027|AnyCPU.Build.0 = 2027|Any CPU
		{A1A7D348-97C8-4C10-81E6-5FBFE0EE0ABB}.Debug|AnyCPU.ActiveCfg = Debug|Any CPU
		{A1A7D348-97C8-4C10-81E6-5FBFE0EE0ABB}.Debug|AnyCPU.Build.0 = Debug|Any CPU
		{A1A7D348-97C8-4C10-81E6-5FBFE0EE0ABB}.Release|AnyCPU.ActiveCfg = Release|Any CPU
		{A1A7D348-97C8-4C10-81E6-5FBFE0EE0ABB}.Release|AnyCPU.Build.0 = Release|Any CPU
		{33E3E0C4-17BC-419E-9530-DED2A13477A7}.2023|AnyCPU.ActiveCfg = Debug|Any CPU
		{33E3E0C4-17BC-419E-9530-DED2A13477A7}.2023|AnyCPU.Build.0 = Debug|Any CPU
		{33E3E0C4-17BC-419E-9530-DED2A13477A7}.2024|AnyCPU.ActiveCfg = Debug|Any CPU
		{33E3E0C4-17BC-419E-9530-DED2A13477A7}.2024|AnyCPU.Build.0 = Debug|Any CPU
		{33E3E0C4-17BC-419E-9530-DED2A13477A7}.2025|AnyCPU.ActiveCfg = Debug|Any CPU
		{33E3E0C4-17BC-419E-9530-DED2A13477A7}.2025|AnyCPU.Build.0 = Debug|Any CPU
		{33E3E0C4-17BC-419E-9530-DED2A13477A7}.2026|AnyCPU.ActiveCfg = Debug|Any CPU
		{33E3E0C4-17BC-419E-9530-DED2A13477A7}.2026|AnyCPU.Build.0 = Debug|Any CPU
		{33E3E0C4-17BC-419E-9530-DED2A13477A7}.2027|AnyCPU.ActiveCfg = Debug|Any CPU
		{33E3E0C4-17BC-419E-9530-DED2A13477A7}.2027|AnyCPU.Build.0 = Debug|Any CPU
		{33E3E0C4-17BC-419E-9530-DED2A13477A7}.Debug|AnyCPU.ActiveCfg = Debug|Any CPU
		{33E3E0C4-17BC-419E-9530-DED2A13477A7}.Debug|AnyCPU.Build.0 = Debug|Any CPU
		{33E3E0C4-17BC-419E-9530-DED2A13477A7}.Release|AnyCPU.ActiveCfg = Release|Any CPU
		{33E3E0C4-17BC-419E-9530-DED2A13477A7}.Release|AnyCPU.Build.0 = Release|Any CPU
		{824E0025-EDA7-4F19-8DC2-E72E547CDDE1}.2023|AnyCPU.ActiveCfg = Debug|Any CPU
		{824E0025-EDA7-4F19-8DC2-E72E547CDDE1}.2023|AnyCPU.Build.0 = Debug|Any CPU
		{824E0025-EDA7-4F19-8DC2-E72E547CDDE1}.2024|AnyCPU.ActiveCfg = Debug|Any CPU
		{824E0025-EDA7-4F19-8DC2-E72E547CDDE1}.2024|AnyCPU.Build.0 = Debug|Any CPU
		{824E0025-EDA7-4F19-8DC2-E72E547CDDE1}.2025|AnyCPU.ActiveCfg = Debug|Any CPU
		{824E0025-EDA7-4F19-8DC2-E72E547CDDE1}.2025|AnyCPU.Build.0 = Debug|Any CPU
		{824E0025-EDA7-4F19-8DC2-E72E547CDDE1}.2026|AnyCPU.ActiveCfg = Debug|Any CPU
		{824E0025-EDA7-4F19-8DC2-E72E547CDDE1}.2026|AnyCPU.Build.0 = Debug|Any CPU
		{824E0025-EDA7-4F19-8DC2-E72E547CDDE1}.2027|AnyCPU.ActiveCfg = Debug|Any CPU
		{824E0025-EDA7-4F19-8DC2-E72E547CDDE1}.2027|AnyCPU.Build.0 = Debug|Any CPU
		{824E0025-EDA7-4F19-8DC2-E72E547CDDE1}.Debug|AnyCPU.ActiveCfg = Debug|Any CPU
		{824E0025-EDA7-4F19-8DC2-E72E547CDDE1}.Debug|AnyCPU.Build.0 = Debug|Any CPU
		{824E0025-EDA7-4F19-8DC2-E72E547CDDE1}.Release|AnyCPU.ActiveCfg = Release|Any CPU
		{824E0025-EDA7-4F19-8DC2-E72E547CDDE1}.Release|AnyCPU.Build.0 = Release|Any CPU
	EndGlobalSection
	GlobalSection(SolutionProperties) = preSolution
		HideSolutionNode = FALSE
	EndGlobalSection
	GlobalSection(NestedProjects) = preSolution
		{0127E6C2-1C6D-4875-875B-2010B8553D59} = {FDA1C575-08A7-44B2-9FDA-0D59FE44759E}
	EndGlobalSection
	GlobalSection(ExtensibilityGlobals) = postSolution
		SolutionGuid = {E0094915-399F-449C-93AB-483740FBD5F8}
	EndGlobalSection
EndGlobal
